
Microsoft Visual Studio Solution File, Format Version 12.00
Project("{2150E333-8FDC-42A3-9474-1A3956D46DE8}") = "BuildingBlocks", "BuildingBlocks", "{7266C4A9-E384-DC00-0EB6-47F6002CFBA7}"
EndProject
Project("{2150E333-8FDC-42A3-9474-1A3956D46DE8}") = "SharedKernel", "SharedKernel", "{DE26C561-AD66-0972-039C-D8E9AE6ECEE6}"
EndProject
Project("{FAE04EC0-301F-11D3-BF4B-00C04F79EFBC}") = "NovaStack.SharedKernel", "src\BuildingBlocks\NovaStack.SharedKernel\NovaStack.SharedKernel.csproj", "{33BF6D2C-9053-47F0-B411-7737B736379B}"
EndProject
Project("{2150E333-8FDC-42A3-9474-1A3956D46DE8}") = "Infrastructure", "Infrastructure", "{F8F4539D-0082-74A4-1D92-510706789366}"
EndProject
Project("{FAE04EC0-301F-11D3-BF4B-00C04F79EFBC}") = "NovaStack.Infrastructure", "src\BuildingBlocks\NovaStack.Infrastructure\NovaStack.Infrastructure.csproj", "{870BDF8E-1D59-4703-B103-CAC4ACEA7169}"
EndProject
Project("{2150E333-8FDC-42A3-9474-1A3956D46DE8}") = "Contracts", "Contracts", "{56929A71-C862-B918-F479-3EAEBD7B9BDB}"
EndProject
Project("{FAE04EC0-301F-11D3-BF4B-00C04F79EFBC}") = "NovaStack.Contracts", "src\BuildingBlocks\NovaStack.Contracts\NovaStack.Contracts.csproj", "{FC6889A5-2164-4A0B-9211-43FF4B27E3A4}"
EndProject
Project("{2150E333-8FDC-42A3-9474-1A3956D46DE8}") = "Services", "Services", "{5854FF58-B8C5-05C6-5BF2-ACE42193F22B}"
EndProject
Project("{2150E333-8FDC-42A3-9474-1A3956D46DE8}") = "tests", "tests", "{0AB3BF05-4346-4AA6-1389-037BE0695223}"
EndProject
Project("{FAE04EC0-301F-11D3-BF4B-00C04F79EFBC}") = "UnitTests", "tests\UnitTests\UnitTests.csproj", "{9E310495-949B-498F-BA6C-D4A2AC3594E7}"
EndProject
Project("{FAE04EC0-301F-11D3-BF4B-00C04F79EFBC}") = "IntegrationTests", "tests\IntegrationTests\IntegrationTests.csproj", "{9F0C5702-EE5D-461F-83AC-C47B457F8F44}"
EndProject
Project("{FAE04EC0-301F-11D3-BF4B-00C04F79EFBC}") = "ArchitectureTests", "tests\ArchitectureTests\ArchitectureTests.csproj", "{EBFB1419-EA73-4D1F-8795-437A80AF28CD}"
EndProject
Project("{2150E333-8FDC-42A3-9474-1A3956D46DE8}") = "MangaScrapper", "MangaScrapper", "{AC3DD8F5-B81A-5E7A-2E01-08639917456F}"
EndProject
Project("{FAE04EC0-301F-11D3-BF4B-00C04F79EFBC}") = "MangaScrapper.Api", "src\Services\MangaScrapper\MangaScrapper.Api\MangaScrapper.Api.csproj", "{66FDCA38-4CD0-4F70-B1B2-D2CD9A637018}"
EndProject
Project("{FAE04EC0-301F-11D3-BF4B-00C04F79EFBC}") = "Scrapper.Worker", "src\Workers\Scrapper.Worker\Scrapper.Worker.csproj", "{FE91BCAE-D9D5-43BD-9331-46F7F76A8C02}"
EndProject
Project("{FAE04EC0-301F-11D3-BF4B-00C04F79EFBC}") = "MangaPanel.Client", "src\Services\MangaScrapper\MangaPanel.Client\MangaPanel.Client.csproj", "{579E7B7D-B51A-4941-9A92-1CEA1673DFB9}"
EndProject
Project("{FAE04EC0-301F-11D3-BF4B-00C04F79EFBC}") = "MangaScrapper.Core", "src\Services\MangaScrapper\MangaScrapper.Core\MangaScrapper.Core.csproj", "{22FFB3E5-754B-4F66-ADD3-D418B2BEB3FA}"
EndProject
Global
	GlobalSection(SolutionConfigurationPlatforms) = preSolution
		Debug|Any CPU = Debug|Any CPU
		Debug|x64 = Debug|x64
		Debug|x86 = Debug|x86
		Release|Any CPU = Release|Any CPU
		Release|x64 = Release|x64
		Release|x86 = Release|x86
	EndGlobalSection
	GlobalSection(ProjectConfigurationPlatforms) = postSolution
		{33BF6D2C-9053-47F0-B411-7737B736379B}.Debug|Any CPU.ActiveCfg = Debug|Any CPU
		{33BF6D2C-9053-47F0-B411-7737B736379B}.Debug|Any CPU.Build.0 = Debug|Any CPU
		{33BF6D2C-9053-47F0-B411-7737B736379B}.Debug|x64.ActiveCfg = Debug|Any CPU
		{33BF6D2C-9053-47F0-B411-7737B736379B}.Debug|x64.Build.0 = Debug|Any CPU
		{33BF6D2C-9053-47F0-B411-7737B736379B}.Debug|x86.ActiveCfg = Debug|Any CPU
		{33BF6D2C-9053-47F0-B411-7737B736379B}.Debug|x86.Build.0 = Debug|Any CPU
		{33BF6D2C-9053-47F0-B411-7737B736379B}.Release|Any CPU.ActiveCfg = Release|Any CPU
		{33BF6D2C-9053-47F0-B411-7737B736379B}.Release|Any CPU.Build.0 = Release|Any CPU
		{33BF6D2C-9053-47F0-B411-7737B736379B}.Release|x64.ActiveCfg = Release|Any CPU
		{33BF6D2C-9053-47F0-B411-7737B736379B}.Release|x64.Build.0 = Release|Any CPU
		{33BF6D2C-9053-47F0-B411-7737B736379B}.Release|x86.ActiveCfg = Release|Any CPU
		{33BF6D2C-9053-47F0-B411-7737B736379B}.Release|x86.Build.0 = Release|Any CPU
		{870BDF8E-1D59-4703-B103-CAC4ACEA7169}.Debug|Any CPU.ActiveCfg = Debug|Any CPU
		{870BDF8E-1D59-4703-B103-CAC4ACEA7169}.Debug|Any CPU.Build.0 = Debug|Any CPU
		{870BDF8E-1D59-4703-B103-CAC4ACEA7169}.Debug|x64.ActiveCfg = Debug|Any CPU
		{870BDF8E-1D59-4703-B103-CAC4ACEA7169}.Debug|x64.Build.0 = Debug|Any CPU
		{870BDF8E-1D59-4703-B103-CAC4ACEA7169}.Debug|x86.ActiveCfg = Debug|Any CPU
		{870BDF8E-1D59-4703-B103-CAC4ACEA7169}.Debug|x86.Build.0 = Debug|Any CPU
		{870BDF8E-1D59-4703-B103-CAC4ACEA7169}.Release|Any CPU.ActiveCfg = Release|Any CPU
		{870BDF8E-1D59-4703-B103-CAC4ACEA7169}.Release|Any CPU.Build.0 = Release|Any CPU
		{870BDF8E-1D59-4703-B103-CAC4ACEA7169}.Release|x64.ActiveCfg = Release|Any CPU
		{870BDF8E-1D59-4703-B103-CAC4ACEA7169}.Release|x64.Build.0 = Release|Any CPU
		{870BDF8E-1D59-4703-B103-CAC4ACEA7169}.Release|x86.ActiveCfg = Release|Any CPU
		{870BDF8E-1D59-4703-B103-CAC4ACEA7169}.Release|x86.Build.0 = Release|Any CPU
		{FC6889A5-2164-4A0B-9211-43FF4B27E3A4}.Debug|Any CPU.ActiveCfg = Debug|Any CPU
		{FC6889A5-2164-4A0B-9211-43FF4B27E3A4}.Debug|Any CPU.Build.0 = Debug|Any CPU
		{FC6889A5-2164-4A0B-9211-43FF4B27E3A4}.Debug|x64.ActiveCfg = Debug|Any CPU
		{FC6889A5-2164-4A0B-9211-43FF4B27E3A4}.Debug|x64.Build.0 = Debug|Any CPU
		{FC6889A5-2164-4A0B-9211-43FF4B27E3A4}.Debug|x86.ActiveCfg = Debug|Any CPU
		{FC6889A5-2164-4A0B-9211-43FF4B27E3A4}.Debug|x86.Build.0 = Debug|Any CPU
		{FC6889A5-2164-4A0B-9211-43FF4B27E3A4}.Release|Any CPU.ActiveCfg = Release|Any CPU
		{FC6889A5-2164-4A0B-9211-43FF4B27E3A4}.Release|Any CPU.Build.0 = Release|Any CPU
		{FC6889A5-2164-4A0B-9211-43FF4B27E3A4}.Release|x64.ActiveCfg = Release|Any CPU
		{FC6889A5-2164-4A0B-9211-43FF4B27E3A4}.Release|x64.Build.0 = Release|Any CPU
		{FC6889A5-2164-4A0B-9211-43FF4B27E3A4}.Release|x86.ActiveCfg = Release|Any CPU
		{FC6889A5-2164-4A0B-9211-43FF4B27E3A4}.Release|x86.Build.0 = Release|Any CPU
		{9E310495-949B-498F-BA6C-D4A2AC3594E7}.Debug|Any CPU.ActiveCfg = Debug|Any CPU
		{9E310495-949B-498F-BA6C-D4A2AC3594E7}.Debug|Any CPU.Build.0 = Debug|Any CPU
		{9E310495-949B-498F-BA6C-D4A2AC3594E7}.Debug|x64.ActiveCfg = Debug|Any CPU
		{9E310495-949B-498F-BA6C-D4A2AC3594E7}.Debug|x64.Build.0 = Debug|Any CPU
		{9E310495-949B-498F-BA6C-D4A2AC3594E7}.Debug|x86.ActiveCfg = Debug|Any CPU
		{9E310495-949B-498F-BA6C-D4A2AC3594E7}.Debug|x86.Build.0 = Debug|Any CPU
		{9E310495-949B-498F-BA6C-D4A2AC3594E7}.Release|Any CPU.ActiveCfg = Release|Any CPU
		{9E310495-949B-498F-BA6C-D4A2AC3594E7}.Release|Any CPU.Build.0 = Release|Any CPU
		{9E310495-949B-498F-BA6C-D4A2AC3594E7}.Release|x64.ActiveCfg = Release|Any CPU
		{9E310495-949B-498F-BA6C-D4A2AC3594E7}.Release|x64.Build.0 = Release|Any CPU
		{9E310495-949B-498F-BA6C-D4A2AC3594E7}.Release|x86.ActiveCfg = Release|Any CPU
		{9E310495-949B-498F-BA6C-D4A2AC3594E7}.Release|x86.Build.0 = Release|Any CPU
		{9F0C5702-EE5D-461F-83AC-C47B457F8F44}.Debug|Any CPU.ActiveCfg = Debug|Any CPU
		{9F0C5702-EE5D-461F-83AC-C47B457F8F44}.Debug|Any CPU.Build.0 = Debug|Any CPU
		{9F0C5702-EE5D-461F-83AC-C47B457F8F44}.Debug|x64.ActiveCfg = Debug|Any CPU
		{9F0C5702-EE5D-461F-83AC-C47B457F8F44}.Debug|x64.Build.0 = Debug|Any CPU
		{9F0C5702-EE5D-461F-83AC-C47B457F8F44}.Debug|x86.ActiveCfg = Debug|Any CPU
		{9F0C5702-EE5D-461F-83AC-C47B457F8F44}.Debug|x86.Build.0 = Debug|Any CPU
		{9F0C5702-EE5D-461F-83AC-C47B457F8F44}.Release|Any CPU.ActiveCfg = Release|Any CPU
		{9F0C5702-EE5D-461F-83AC-C47B457F8F44}.Release|Any CPU.Build.0 = Release|Any CPU
		{9F0C5702-EE5D-461F-83AC-C47B457F8F44}.Release|x64.ActiveCfg = Release|Any CPU
		{9F0C5702-EE5D-461F-83AC-C47B457F8F44}.Release|x64.Build.0 = Release|Any CPU
		{9F0C5702-EE5D-461F-83AC-C47B457F8F44}.Release|x86.ActiveCfg = Release|Any CPU
		{9F0C5702-EE5D-461F-83AC-C47B457F8F44}.Release|x86.Build.0 = Release|Any CPU
		{EBFB1419-EA73-4D1F-8795-437A80AF28CD}.Debug|Any CPU.ActiveCfg = Debug|Any CPU
		{EBFB1419-EA73-4D1F-8795-437A80AF28CD}.Debug|Any CPU.Build.0 = Debug|Any CPU
		{EBFB1419-EA73-4D1F-8795-437A80AF28CD}.Debug|x64.ActiveCfg = Debug|Any CPU
		{EBFB1419-EA73-4D1F-8795-437A80AF28CD}.Debug|x64.Build.0 = Debug|Any CPU
		{EBFB1419-EA73-4D1F-8795-437A80AF28CD}.Debug|x86.ActiveCfg = Debug|Any CPU
		{EBFB1419-EA73-4D1F-8795-437A80AF28CD}.Debug|x86.Build.0 = Debug|Any CPU
		{EBFB1419-EA73-4D1F-8795-437A80AF28CD}.Release|Any CPU.ActiveCfg = Release|Any CPU
		{EBFB1419-EA73-4D1F-8795-437A80AF28CD}.Release|Any CPU.Build.0 = Release|Any CPU
		{EBFB1419-EA73-4D1F-8795-437A80AF28CD}.Release|x64.ActiveCfg = Release|Any CPU
		{EBFB1419-EA73-4D1F-8795-437A80AF28CD}.Release|x64.Build.0 = Release|Any CPU
		{EBFB1419-EA73-4D1F-8795-437A80AF28CD}.Release|x86.ActiveCfg = Release|Any CPU
		{EBFB1419-EA73-4D1F-8795-437A80AF28CD}.Release|x86.Build.0 = Release|Any CPU
		{66FDCA38-4CD0-4F70-B1B2-D2CD9A637018}.Debug|Any CPU.ActiveCfg = Debug|Any CPU
		{66FDCA38-4CD0-4F70-B1B2-D2CD9A637018}.Debug|Any CPU.Build.0 = Debug|Any CPU
		{66FDCA38-4CD0-4F70-B1B2-D2CD9A637018}.Debug|x64.ActiveCfg = Debug|Any CPU
		{66FDCA38-4CD0-4F70-B1B2-D2CD9A637018}.Debug|x64.Build.0 = Debug|Any CPU
		{66FDCA38-4CD0-4F70-B1B2-D2CD9A637018}.Debug|x86.ActiveCfg = Debug|Any CPU
		{66FDCA38-4CD0-4F70-B1B2-D2CD9A637018}.Debug|x86.Build.0 = Debug|Any CPU
		{66FDCA38-4CD0-4F70-B1B2-D2CD9A637018}.Release|Any CPU.ActiveCfg = Release|Any CPU
		{66FDCA38-4CD0-4F70-B1B2-D2CD9A637018}.Release|Any CPU.Build.0 = Release|Any CPU
		{66FDCA38-4CD0-4F70-B1B2-D2CD9A637018}.Release|x64.ActiveCfg = Release|Any CPU
		{66FDCA38-4CD0-4F70-B1B2-D2CD9A637018}.Release|x64.Build.0 = Release|Any CPU
		{66FDCA38-4CD0-4F70-B1B2-D2CD9A637018}.Release|x86.ActiveCfg = Release|Any CPU
		{66FDCA38-4CD0-4F70-B1B2-D2CD9A637018}.Release|x86.Build.0 = Release|Any CPU
		{FE91BCAE-D9D5-43BD-9331-46F7F76A8C02}.Debug|Any CPU.ActiveCfg = Debug|Any CPU
		{FE91BCAE-D9D5-43BD-9331-46F7F76A8C02}.Debug|Any CPU.Build.0 = Debug|Any CPU
		{FE91BCAE-D9D5-43BD-9331-46F7F76A8C02}.Debug|x64.ActiveCfg = Debug|Any CPU
		{FE91BCAE-D9D5-43BD-9331-46F7F76A8C02}.Debug|x64.Build.0 = Debug|Any CPU
		{FE91BCAE-D9D5-43BD-9331-46F7F76A8C02}.Debug|x86.ActiveCfg = Debug|Any CPU
		{FE91BCAE-D9D5-43BD-9331-46F7F76A8C02}.Debug|x86.Build.0 = Debug|Any CPU
		{FE91BCAE-D9D5-43BD-9331-46F7F76A8C02}.Release|Any CPU.ActiveCfg = Release|Any CPU
		{FE91BCAE-D9D5-43BD-9331-46F7F76A8C02}.Release|Any CPU.Build.0 = Release|Any CPU
		{FE91BCAE-D9D5-43BD-9331-46F7F76A8C02}.Release|x64.ActiveCfg = Release|Any CPU
		{FE91BCAE-D9D5-43BD-9331-46F7F76A8C02}.Release|x64.Build.0 = Release|Any CPU
		{FE91BCAE-D9D5-43BD-9331-46F7F76A8C02}.Release|x86.ActiveCfg = Release|Any CPU
		{FE91BCAE-D9D5-43BD-9331-46F7F76A8C02}.Release|x86.Build.0 = Release|Any CPU
		{579E7B7D-B51A-4941-9A92-1CEA1673DFB9}.Debug|Any CPU.ActiveCfg = Debug|Any CPU
		{579E7B7D-B51A-4941-9A92-1CEA1673DFB9}.Debug|Any CPU.Build.0 = Debug|Any CPU
		{579E7B7D-B51A-4941-9A92-1CEA1673DFB9}.Debug|x64.ActiveCfg = Debug|Any CPU
		{579E7B7D-B51A-4941-9A92-1CEA1673DFB9}.Debug|x64.Build.0 = Debug|Any CPU
		{579E7B7D-B51A-4941-9A92-1CEA1673DFB9}.Debug|x86.ActiveCfg = Debug|Any CPU
		{579E7B7D-B51A-4941-9A92-1CEA1673DFB9}.Debug|x86.Build.0 = Debug|Any CPU
		{579E7B7D-B51A-4941-9A92-1CEA1673DFB9}.Release|Any CPU.ActiveCfg = Release|Any CPU
		{579E7B7D-B51A-4941-9A92-1CEA1673DFB9}.Release|Any CPU.Build.0 = Release|Any CPU
		{579E7B7D-B51A-4941-9A92-1CEA1673DFB9}.Release|x64.ActiveCfg = Release|Any CPU
		{579E7B7D-B51A-4941-9A92-1CEA1673DFB9}.Release|x64.Build.0 = Release|Any CPU
		{579E7B7D-B51A-4941-9A92-1CEA1673DFB9}.Release|x86.ActiveCfg = Release|Any CPU
		{579E7B7D-B51A-4941-9A92-1CEA1673DFB9}.Release|x86.Build.0 = Release|Any CPU
		{22FFB3E5-754B-4F66-ADD3-D418B2BEB3FA}.Debug|Any CPU.ActiveCfg = Debug|Any CPU
		{22FFB3E5-754B-4F66-ADD3-D418B2BEB3FA}.Debug|Any CPU.Build.0 = Debug|Any CPU
		{22FFB3E5-754B-4F66-ADD3-D418B2BEB3FA}.Debug|x64.ActiveCfg = Debug|Any CPU
		{22FFB3E5-754B-4F66-ADD3-D418B2BEB3FA}.Debug|x64.Build.0 = Debug|Any CPU
		{22FFB3E5-754B-4F66-ADD3-D418B2BEB3FA}.Debug|x86.ActiveCfg = Debug|Any CPU
		{22FFB3E5-754B-4F66-ADD3-D418B2BEB3FA}.Debug|x86.Build.0 = Debug|Any CPU
		{22FFB3E5-754B-4F66-ADD3-D418B2BEB3FA}.Release|Any CPU.ActiveCfg = Release|Any CPU
		{22FFB3E5-754B-4F66-ADD3-D418B2BEB3FA}.Release|Any CPU.Build.0 = Release|Any CPU
		{22FFB3E5-754B-4F66-ADD3-D418B2BEB3FA}.Release|x64.ActiveCfg = Release|Any CPU
		{22FFB3E5-754B-4F66-ADD3-D418B2BEB3FA}.Release|x64.Build.0 = Release|Any CPU
		{22FFB3E5-754B-4F66-ADD3-D418B2BEB3FA}.Release|x86.ActiveCfg = Release|Any CPU
		{22FFB3E5-754B-4F66-ADD3-D418B2BEB3FA}.Release|x86.Build.0 = Release|Any CPU
	EndGlobalSection
	GlobalSection(SolutionProperties) = preSolution
		HideSolutionNode = FALSE
	EndGlobalSection
	GlobalSection(NestedProjects) = preSolution
		{DE26C561-AD66-0972-039C-D8E9AE6ECEE6} = {7266C4A9-E384-DC00-0EB6-47F6002CFBA7}
		{33BF6D2C-9053-47F0-B411-7737B736379B} = {DE26C561-AD66-0972-039C-D8E9AE6ECEE6}
		{F8F4539D-0082-74A4-1D92-510706789366} = {7266C4A9-E384-DC00-0EB6-47F6002CFBA7}
		{870BDF8E-1D59-4703-B103-CAC4ACEA7169} = {F8F4539D-0082-74A4-1D92-510706789366}
		{56929A71-C862-B918-F479-3EAEBD7B9BDB} = {7266C4A9-E384-DC00-0EB6-47F6002CFBA7}
		{FC6889A5-2164-4A0B-9211-43FF4B27E3A4} = {56929A71-C862-B918-F479-3EAEBD7B9BDB}
		{9E310495-949B-498F-BA6C-D4A2AC3594E7} = {0AB3BF05-4346-4AA6-1389-037BE0695223}
		{9F0C5702-EE5D-461F-83AC-C47B457F8F44} = {0AB3BF05-4346-4AA6-1389-037BE0695223}
		{EBFB1419-EA73-4D1F-8795-437A80AF28CD} = {0AB3BF05-4346-4AA6-1389-037BE0695223}
		{AC3DD8F5-B81A-5E7A-2E01-08639917456F} = {5854FF58-B8C5-05C6-5BF2-ACE42193F22B}
		{66FDCA38-4CD0-4F70-B1B2-D2CD9A637018} = {AC3DD8F5-B81A-5E7A-2E01-08639917456F}
		{579E7B7D-B51A-4941-9A92-1CEA1673DFB9} = {AC3DD8F5-B81A-5E7A-2E01-08639917456F}
		{22FFB3E5-754B-4F66-ADD3-D418B2BEB3FA} = {AC3DD8F5-B81A-5E7A-2E01-08639917456F}
		{FE91BCAE-D9D5-43BD-9331-46F7F76A8C02} = {AC3DD8F5-B81A-5E7A-2E01-08639917456F}
	EndGlobalSection
EndGlobal
